
Microsoft Visual Studio Solution File, Format Version 12.00
# Visual Studio Version 17
VisualStudioVersion = 17.4.33213.308
MinimumVisualStudioVersion = 10.0.40219.1
Project("{FAE04EC0-301F-11D3-BF4B-00C04F79EFBC}") = "BIZFEST_Event", "BIZFEST_Event\BIZFEST_Event.csproj", "{CE43CF69-D081-44DD-BD60-18A0949C8C96}"
EndProject
Global
	GlobalSection(SolutionConfigurationPlatforms) = preSolution
		Debug|Any CPU = Debug|Any CPU
		Release|Any CPU = Release|Any CPU
	EndGlobalSection
	GlobalSection(ProjectConfigurationPlatforms) = postSolution
		{CE43CF69-D081-44DD-BD60-18A0949C8C96}.Debug|Any CPU.ActiveCfg = Debug|Any CPU
		{CE43CF69-D081-44DD-BD60-18A0949C8C96}.Debug|Any CPU.Build.0 = Debug|Any CPU
		{CE43CF69-D081-44DD-BD60-18A0949C8C96}.Release|Any CPU.ActiveCfg = Release|Any CPU
		{CE43CF69-D081-44DD-BD60-18A0949C8C96}.Release|Any CPU.Build.0 = Release|Any CPU
	EndGlobalSection
	GlobalSection(SolutionProperties) = preSolution
		HideSolutionNode = FALSE
	EndGlobalSection
	GlobalSection(ExtensibilityGlobals) = postSolution
		SolutionGuid = {28F04BB8-EFDA-401B-82D0-4317FFF5B0F6}
	EndGlobalSection
EndGlobal
